<?xml version="1.0" encoding="UTF-8"?>
<Scheme
   version = "1.3">
   <BuildAction>
      <BuildActionEntries>
         <BuildActionEntry
            buildForRunning = "YES">
            <BuildableReference
               BuildableIdentifier = "primary"
               BlueprintIdentifier = "C4340A4623678DE9007912A5"
               BuildableName = "VideoCreationAssistant.app"
               BlueprintName = "VideoCreationAssistant"
               ReferencedContainer = "container:VideoCreationAssistant.xcodeproj">
            </BuildableReference>
         </BuildActionEntry>
      </BuildActionEntries>
   </BuildAction>
   <LaunchAction
      useCustomWorkingDirectory = "NO"
      buildConfiguration = "Debug"
      allowLocationSimulation = "YES">
      <BuildableProductRunnable>
         <BuildableReference
            BuildableIdentifier = "primary"
            BlueprintIdentifier = "C4340A4623678DE9007912A5"
            BuildableName = "VideoCreationAssistant.app"
            BlueprintName = "VideoCreationAssistant"
            ReferencedContainer = "container:VideoCreationAssistant.xcodeproj">
         </BuildableReference>
      </BuildableProductRunnable>
   </LaunchAction>
</Scheme>
