// !$*UTF8*$!
{
	archiveVersion = 1;
	classes = {
	};
	objectVersion = 52;
	objects = {

/* Begin PBXBuildFile section */
		99801989088E6A2961C4032D /* Pods_VideoCreationAssistant.framework in Frameworks */ = {isa = PBXBuildFile; fileRef = 341200FC460B4374F79CCA3C /* Pods_VideoCreationAssistant.framework */; };
		BEF2213DCB700F26762E7E61 /* OAuthRetrier.swift in Sources */ = {isa = PBXBuildFile; fileRef = BEF22D84D47FE16E10B5CD36 /* OAuthRetrier.swift */; };
		BEF2226C2D6F8A4821E455E9 /* Directory.swift in Sources */ = {isa = PBXBuildFile; fileRef = BEF2282BA4FF5BD95DF7D452 /* Directory.swift */; };
		BEF222EC97ABA39109656807 /* Timestamp.swift in Sources */ = {isa = PBXBuildFile; fileRef = BEF22F4E451F5296199FF459 /* Timestamp.swift */; };
		BEF223B23DE20D7038FD9C63 /* Devto.swift in Sources */ = {isa = PBXBuildFile; fileRef = BEF22B7DB9265419C57BDBB0 /* Devto.swift */; };
		BEF2256FDC4FA08A32A39A2E /* VideoFinalizedTest.swift in Sources */ = {isa = PBXBuildFile; fileRef = BEF22344C377A5FDC7ABF4F2 /* VideoFinalizedTest.swift */; };
		BEF225D2B34F1E9BD0FEFEB5 /* RecordingEvent.swift in Sources */ = {isa = PBXBuildFile; fileRef = BEF227D6FDE2E2B403707616 /* RecordingEvent.swift */; };
		BEF22626337B0E0DABEFB559 /* ApplescriptYouTubeResultsParser.swift in Sources */ = {isa = PBXBuildFile; fileRef = BEF22F8F511CABE0A9E68927 /* ApplescriptYouTubeResultsParser.swift */; };
		BEF226DB7CD1389F38C34BC7 /* ScreenflickVideoEventMapperTest.swift in Sources */ = {isa = PBXBuildFile; fileRef = BEF2210E47D2E833A2AEA6A5 /* ScreenflickVideoEventMapperTest.swift */; };
		BEF2270E6C3F9010CA5C27EC /* YouTubePoster.swift in Sources */ = {isa = PBXBuildFile; fileRef = BEF223B8A96F0EFBF55DFCC3 /* YouTubePoster.swift */; };
		BEF22745357B72C967ED6444 /* TimestampCreationTest.swift in Sources */ = {isa = PBXBuildFile; fileRef = BEF2246F1524928762D4F36E /* TimestampCreationTest.swift */; };
		BEF2274C46AD250B990B078D /* RecordingEventMapper.swift in Sources */ = {isa = PBXBuildFile; fileRef = BEF22EF577F76C9185FBFBA8 /* RecordingEventMapper.swift */; };
		BEF228CA5011117F85BCD339 /* RecordingView.swift in Sources */ = {isa = PBXBuildFile; fileRef = BEF229BC761F0D025B6867E2 /* RecordingView.swift */; };
		BEF229496EC768F7461228AB /* Duration.swift in Sources */ = {isa = PBXBuildFile; fileRef = BEF222C2844F1439F174A518 /* Duration.swift */; };
		BEF229E84B00048C5E0CE461 /* RecordingSoftwareTest.swift in Sources */ = {isa = PBXBuildFile; fileRef = BEF2299772806759F995DEAB /* RecordingSoftwareTest.swift */; };
		BEF22A28C02561B742389B02 /* StringExtensionsTest.swift in Sources */ = {isa = PBXBuildFile; fileRef = BEF224EBCD6BF993B42A9A58 /* StringExtensionsTest.swift */; };
		BEF22A9137349506D855BFD1 /* Preferences.swift in Sources */ = {isa = PBXBuildFile; fileRef = BEF22DBE0B9FB947FB4D9E52 /* Preferences.swift */; };
		BEF22CF328CE7D38BD364A2D /* DirectoryUtilsTest.swift in Sources */ = {isa = PBXBuildFile; fileRef = BEF2259282D5C48FCA334347 /* DirectoryUtilsTest.swift */; };
		BEF22D9CE7A978666E7F2300 /* TimeFormatter.swift in Sources */ = {isa = PBXBuildFile; fileRef = BEF22B61640D3ACC9F15005D /* TimeFormatter.swift */; };
		BEF22DEB4A5692ADE0F8B07B /* PathBuilder.swift in Sources */ = {isa = PBXBuildFile; fileRef = BEF22AFB4A836A4181F48462 /* PathBuilder.swift */; };
		BEF22E6F58B79B6CE59AC66B /* YouTubePosterTest.swift in Sources */ = {isa = PBXBuildFile; fileRef = BEF22DF96C75D43A3E29E5B9 /* YouTubePosterTest.swift */; };
		BEF22EA1D9335B3FDBA97F1F /* ClipExtractorView.swift in Sources */ = {isa = PBXBuildFile; fileRef = BEF22E068E30D31FAD28E340 /* ClipExtractorView.swift */; };
		BEF22F6E872EB7AF7B2810F8 /* YouTubeUploadTemplate.swift in Sources */ = {isa = PBXBuildFile; fileRef = BEF225B5B374284F23EFE937 /* YouTubeUploadTemplate.swift */; };
		C4340A4B23678DE9007912A5 /* AppDelegate.swift in Sources */ = {isa = PBXBuildFile; fileRef = C4340A4A23678DE9007912A5 /* AppDelegate.swift */; };
		C4340A5023678DE9007912A5 /* VideoCreationAssistant.xcdatamodeld in Sources */ = {isa = PBXBuildFile; fileRef = C4340A4E23678DE9007912A5 /* VideoCreationAssistant.xcdatamodeld */; };
		C4340A5223678DEB007912A5 /* Assets.xcassets in Resources */ = {isa = PBXBuildFile; fileRef = C4340A5123678DEB007912A5 /* Assets.xcassets */; };
		C4340A5523678DEB007912A5 /* Preview Assets.xcassets in Resources */ = {isa = PBXBuildFile; fileRef = C4340A5423678DEB007912A5 /* Preview Assets.xcassets */; };
		C4340A5823678DEB007912A5 /* Main.storyboard in Resources */ = {isa = PBXBuildFile; fileRef = C4340A5623678DEB007912A5 /* Main.storyboard */; };
		C4340A842367906B007912A5 /* Stopwatch.swift in Sources */ = {isa = PBXBuildFile; fileRef = C4340A642367906A007912A5 /* Stopwatch.swift */; };
		C4340A852367906B007912A5 /* ImgurImageStore.swift in Sources */ = {isa = PBXBuildFile; fileRef = C4340A662367906A007912A5 /* ImgurImageStore.swift */; };
		C4340A872367906B007912A5 /* ImgurClient.swift in Sources */ = {isa = PBXBuildFile; fileRef = C4340A682367906A007912A5 /* ImgurClient.swift */; };
		C4340A882367906B007912A5 /* UserNotificationController.swift in Sources */ = {isa = PBXBuildFile; fileRef = C4340A692367906A007912A5 /* UserNotificationController.swift */; };
		C4340A892367906B007912A5 /* FolderContentMonitor.swift in Sources */ = {isa = PBXBuildFile; fileRef = C4340A6A2367906A007912A5 /* FolderContentMonitor.swift */; };
		C4340A8A2367906B007912A5 /* StatusItemController.swift in Sources */ = {isa = PBXBuildFile; fileRef = C4340A6C2367906A007912A5 /* StatusItemController.swift */; };
		C4340A8B2367906B007912A5 /* AboutMenuController.swift in Sources */ = {isa = PBXBuildFile; fileRef = C4340A6E2367906A007912A5 /* AboutMenuController.swift */; };
		C4340A8C2367906B007912A5 /* ImgurAlbumMenuController.swift in Sources */ = {isa = PBXBuildFile; fileRef = C4340A6F2367906A007912A5 /* ImgurAlbumMenuController.swift */; };
		C4340A8D2367906B007912A5 /* ImgurMenuController.swift in Sources */ = {isa = PBXBuildFile; fileRef = C4340A702367906A007912A5 /* ImgurMenuController.swift */; };
		C4340A8E2367906B007912A5 /* UploadsMenuController.swift in Sources */ = {isa = PBXBuildFile; fileRef = C4340A712367906A007912A5 /* UploadsMenuController.swift */; };
		C4340A8F2367906B007912A5 /* StatusItemMenuController.swift in Sources */ = {isa = PBXBuildFile; fileRef = C4340A722367906A007912A5 /* StatusItemMenuController.swift */; };
		C4340A902367906B007912A5 /* PreferencesMenuController.swift in Sources */ = {isa = PBXBuildFile; fileRef = C4340A732367906A007912A5 /* PreferencesMenuController.swift */; };
		C4340A912367906B007912A5 /* MenuController.swift in Sources */ = {isa = PBXBuildFile; fileRef = C4340A742367906A007912A5 /* MenuController.swift */; };
		C4340A922367906B007912A5 /* PostingView.swift in Sources */ = {isa = PBXBuildFile; fileRef = C4340A752367906A007912A5 /* PostingView.swift */; };
		C4340A932367906B007912A5 /* NSMenuExtension.swift in Sources */ = {isa = PBXBuildFile; fileRef = C4340A772367906A007912A5 /* NSMenuExtension.swift */; };
		C4340A942367906B007912A5 /* IMGImage.swift in Sources */ = {isa = PBXBuildFile; fileRef = C4340A782367906A007912A5 /* IMGImage.swift */; };
		C4340A952367906B007912A5 /* ScreenshotMonitor.swift in Sources */ = {isa = PBXBuildFile; fileRef = C4340A7A2367906A007912A5 /* ScreenshotMonitor.swift */; };
		C4340A972367906B007912A5 /* BeforeRecording.swift in Sources */ = {isa = PBXBuildFile; fileRef = C4340A7D2367906B007912A5 /* BeforeRecording.swift */; };
		C4340A982367906B007912A5 /* RecordingManager.swift in Sources */ = {isa = PBXBuildFile; fileRef = C4340A7E2367906B007912A5 /* RecordingManager.swift */; };
		C4340A9B2367906B007912A5 /* DuringRecording.swift in Sources */ = {isa = PBXBuildFile; fileRef = C4340A812367906B007912A5 /* DuringRecording.swift */; };
		C4340A9C2367906B007912A5 /* RecordingWatcher.swift in Sources */ = {isa = PBXBuildFile; fileRef = C4340A822367906B007912A5 /* RecordingWatcher.swift */; };
		C43CCE6F2385D74B000007E3 /* ClipExtractor.swift in Sources */ = {isa = PBXBuildFile; fileRef = C43CCE6E2385D74B000007E3 /* ClipExtractor.swift */; };
		C43CCE712385E28A000007E3 /* ArrayExtensions.swift in Sources */ = {isa = PBXBuildFile; fileRef = C43CCE702385E28A000007E3 /* ArrayExtensions.swift */; };
		C45C3BE9236870460091A324 /* DetailsView.swift in Sources */ = {isa = PBXBuildFile; fileRef = C45C3BE8236870460091A324 /* DetailsView.swift */; };
		C46D099D23836B4400AD1A53 /* YoutubePostingView.swift in Sources */ = {isa = PBXBuildFile; fileRef = C46D099C23836B4400AD1A53 /* YoutubePostingView.swift */; };
		C46D09A023836BA500AD1A53 /* Shell.swift in Sources */ = {isa = PBXBuildFile; fileRef = C46D099F23836BA500AD1A53 /* Shell.swift */; };
		C4C90A3323882709008B1603 /* ScreenshotMonitor.swift in Sources */ = {isa = PBXBuildFile; fileRef = C4340A7A2367906A007912A5 /* ScreenshotMonitor.swift */; };
		C4C90A34238827A5008B1603 /* FolderContentMonitor.swift in Sources */ = {isa = PBXBuildFile; fileRef = C4340A6A2367906A007912A5 /* FolderContentMonitor.swift */; };
		C4C90A36238828AD008B1603 /* ClipExtractorTest.swift in Sources */ = {isa = PBXBuildFile; fileRef = C4C90A35238828AD008B1603 /* ClipExtractorTest.swift */; };
		C4C90A3C23882AD1008B1603 /* ObjectFactory.swift in Sources */ = {isa = PBXBuildFile; fileRef = C4C90A3B23882AD1008B1603 /* ObjectFactory.swift */; };
		C4C90A3E23882B9D008B1603 /* StringExtensions.swift in Sources */ = {isa = PBXBuildFile; fileRef = C4C90A3D23882B9D008B1603 /* StringExtensions.swift */; };
		C4C90A3F23882B9D008B1603 /* StringExtensions.swift in Sources */ = {isa = PBXBuildFile; fileRef = C4C90A3D23882B9D008B1603 /* StringExtensions.swift */; };
		C4C90A4123882E1F008B1603 /* Shell.swift in Sources */ = {isa = PBXBuildFile; fileRef = C46D099F23836BA500AD1A53 /* Shell.swift */; };
		C4E09AC323A40C4500A0D379 /* OA.swift in Sources */ = {isa = PBXBuildFile; fileRef = C4E09AC223A40C4500A0D379 /* OA.swift */; };
		CB10CFB858C6E44A0CE14E93 /* libPods-VideoCreationAssistantTests.a in Frameworks */ = {isa = PBXBuildFile; fileRef = 1989F9BC1EE60E11B405CCD0 /* libPods-VideoCreationAssistantTests.a */; };
/* End PBXBuildFile section */

/* Begin PBXContainerItemProxy section */
		C4C90A242388212E008B1603 /* PBXContainerItemProxy */ = {
			isa = PBXContainerItemProxy;
			containerPortal = C4340A3F23678DE9007912A5 /* Project object */;
			proxyType = 1;
			remoteGlobalIDString = C4340A4623678DE9007912A5;
			remoteInfo = VideoCreationAssistant;
		};
/* End PBXContainerItemProxy section */

/* Begin PBXFileReference section */
		1989F9BC1EE60E11B405CCD0 /* libPods-VideoCreationAssistantTests.a */ = {isa = PBXFileReference; explicitFileType = archive.ar; includeInIndex = 0; path = "libPods-VideoCreationAssistantTests.a"; sourceTree = BUILT_PRODUCTS_DIR; };
		1E07D66B9818060112AC305F /* Pods-VideoCreationAssistantTests.release.xcconfig */ = {isa = PBXFileReference; includeInIndex = 1; lastKnownFileType = text.xcconfig; name = "Pods-VideoCreationAssistantTests.release.xcconfig"; path = "Target Support Files/Pods-VideoCreationAssistantTests/Pods-VideoCreationAssistantTests.release.xcconfig"; sourceTree = "<group>"; };
		341200FC460B4374F79CCA3C /* Pods_VideoCreationAssistant.framework */ = {isa = PBXFileReference; explicitFileType = wrapper.framework; includeInIndex = 0; path = Pods_VideoCreationAssistant.framework; sourceTree = BUILT_PRODUCTS_DIR; };
		3992BE3783937AA54F580C63 /* Pods-VideoCreationAssistantTests.debug.xcconfig */ = {isa = PBXFileReference; includeInIndex = 1; lastKnownFileType = text.xcconfig; name = "Pods-VideoCreationAssistantTests.debug.xcconfig"; path = "Target Support Files/Pods-VideoCreationAssistantTests/Pods-VideoCreationAssistantTests.debug.xcconfig"; sourceTree = "<group>"; };
		74505A8CBA3C0D6073F16CF9 /* Pods-VideoCreationAssistant.debug.xcconfig */ = {isa = PBXFileReference; includeInIndex = 1; lastKnownFileType = text.xcconfig; name = "Pods-VideoCreationAssistant.debug.xcconfig"; path = "Target Support Files/Pods-VideoCreationAssistant/Pods-VideoCreationAssistant.debug.xcconfig"; sourceTree = "<group>"; };
		8947B5F183411DFD096065E3 /* Pods-VideoCreationAssistant.release.xcconfig */ = {isa = PBXFileReference; includeInIndex = 1; lastKnownFileType = text.xcconfig; name = "Pods-VideoCreationAssistant.release.xcconfig"; path = "Target Support Files/Pods-VideoCreationAssistant/Pods-VideoCreationAssistant.release.xcconfig"; sourceTree = "<group>"; };
		BEF2210E47D2E833A2AEA6A5 /* ScreenflickVideoEventMapperTest.swift */ = {isa = PBXFileReference; fileEncoding = 4; lastKnownFileType = sourcecode.swift; path = ScreenflickVideoEventMapperTest.swift; sourceTree = "<group>"; };
		BEF222C2844F1439F174A518 /* Duration.swift */ = {isa = PBXFileReference; fileEncoding = 4; lastKnownFileType = sourcecode.swift; path = Duration.swift; sourceTree = "<group>"; };
		BEF22344C377A5FDC7ABF4F2 /* VideoFinalizedTest.swift */ = {isa = PBXFileReference; fileEncoding = 4; lastKnownFileType = sourcecode.swift; path = VideoFinalizedTest.swift; sourceTree = "<group>"; };
		BEF223B8A96F0EFBF55DFCC3 /* YouTubePoster.swift */ = {isa = PBXFileReference; fileEncoding = 4; lastKnownFileType = sourcecode.swift; path = YouTubePoster.swift; sourceTree = "<group>"; };
		BEF2246F1524928762D4F36E /* TimestampCreationTest.swift */ = {isa = PBXFileReference; fileEncoding = 4; lastKnownFileType = sourcecode.swift; path = TimestampCreationTest.swift; sourceTree = "<group>"; };
		BEF224EBCD6BF993B42A9A58 /* StringExtensionsTest.swift */ = {isa = PBXFileReference; fileEncoding = 4; lastKnownFileType = sourcecode.swift; path = StringExtensionsTest.swift; sourceTree = "<group>"; };
		BEF2259282D5C48FCA334347 /* DirectoryUtilsTest.swift */ = {isa = PBXFileReference; fileEncoding = 4; lastKnownFileType = sourcecode.swift; path = DirectoryUtilsTest.swift; sourceTree = "<group>"; };
		BEF225B5B374284F23EFE937 /* YouTubeUploadTemplate.swift */ = {isa = PBXFileReference; fileEncoding = 4; lastKnownFileType = sourcecode.swift; path = YouTubeUploadTemplate.swift; sourceTree = "<group>"; };
		BEF227D6FDE2E2B403707616 /* RecordingEvent.swift */ = {isa = PBXFileReference; fileEncoding = 4; lastKnownFileType = sourcecode.swift; path = RecordingEvent.swift; sourceTree = "<group>"; };
		BEF2282BA4FF5BD95DF7D452 /* Directory.swift */ = {isa = PBXFileReference; fileEncoding = 4; lastKnownFileType = sourcecode.swift; path = Directory.swift; sourceTree = "<group>"; };
		BEF2299772806759F995DEAB /* RecordingSoftwareTest.swift */ = {isa = PBXFileReference; fileEncoding = 4; lastKnownFileType = sourcecode.swift; path = RecordingSoftwareTest.swift; sourceTree = "<group>"; };
		BEF229BC761F0D025B6867E2 /* RecordingView.swift */ = {isa = PBXFileReference; fileEncoding = 4; lastKnownFileType = sourcecode.swift; path = RecordingView.swift; sourceTree = "<group>"; };
		BEF22AFB4A836A4181F48462 /* PathBuilder.swift */ = {isa = PBXFileReference; fileEncoding = 4; lastKnownFileType = sourcecode.swift; path = PathBuilder.swift; sourceTree = "<group>"; };
		BEF22B61640D3ACC9F15005D /* TimeFormatter.swift */ = {isa = PBXFileReference; fileEncoding = 4; lastKnownFileType = sourcecode.swift; path = TimeFormatter.swift; sourceTree = "<group>"; };
		BEF22B7DB9265419C57BDBB0 /* Devto.swift */ = {isa = PBXFileReference; fileEncoding = 4; lastKnownFileType = sourcecode.swift; path = Devto.swift; sourceTree = "<group>"; };
		BEF22D84D47FE16E10B5CD36 /* OAuthRetrier.swift */ = {isa = PBXFileReference; fileEncoding = 4; lastKnownFileType = sourcecode.swift; path = OAuthRetrier.swift; sourceTree = "<group>"; };
		BEF22DBE0B9FB947FB4D9E52 /* Preferences.swift */ = {isa = PBXFileReference; fileEncoding = 4; lastKnownFileType = sourcecode.swift; path = Preferences.swift; sourceTree = "<group>"; };
		BEF22DF96C75D43A3E29E5B9 /* YouTubePosterTest.swift */ = {isa = PBXFileReference; fileEncoding = 4; lastKnownFileType = sourcecode.swift; path = YouTubePosterTest.swift; sourceTree = "<group>"; };
		BEF22E068E30D31FAD28E340 /* ClipExtractorView.swift */ = {isa = PBXFileReference; fileEncoding = 4; lastKnownFileType = sourcecode.swift; path = ClipExtractorView.swift; sourceTree = "<group>"; };
		BEF22EF577F76C9185FBFBA8 /* RecordingEventMapper.swift */ = {isa = PBXFileReference; fileEncoding = 4; lastKnownFileType = sourcecode.swift; path = RecordingEventMapper.swift; sourceTree = "<group>"; };
		BEF22F4E451F5296199FF459 /* Timestamp.swift */ = {isa = PBXFileReference; fileEncoding = 4; lastKnownFileType = sourcecode.swift; path = Timestamp.swift; sourceTree = "<group>"; };
		BEF22F8F511CABE0A9E68927 /* ApplescriptYouTubeResultsParser.swift */ = {isa = PBXFileReference; fileEncoding = 4; lastKnownFileType = sourcecode.swift; path = ApplescriptYouTubeResultsParser.swift; sourceTree = "<group>"; };
		C4340A4723678DE9007912A5 /* VideoCreationAssistant.app */ = {isa = PBXFileReference; explicitFileType = wrapper.application; includeInIndex = 0; path = VideoCreationAssistant.app; sourceTree = BUILT_PRODUCTS_DIR; };
		C4340A4A23678DE9007912A5 /* AppDelegate.swift */ = {isa = PBXFileReference; lastKnownFileType = sourcecode.swift; path = AppDelegate.swift; sourceTree = "<group>"; };
		C4340A4F23678DE9007912A5 /* VideoCreationAssistant.xcdatamodel */ = {isa = PBXFileReference; lastKnownFileType = wrapper.xcdatamodel; path = VideoCreationAssistant.xcdatamodel; sourceTree = "<group>"; };
		C4340A5123678DEB007912A5 /* Assets.xcassets */ = {isa = PBXFileReference; lastKnownFileType = folder.assetcatalog; path = Assets.xcassets; sourceTree = "<group>"; };
		C4340A5423678DEB007912A5 /* Preview Assets.xcassets */ = {isa = PBXFileReference; lastKnownFileType = folder.assetcatalog; path = "Preview Assets.xcassets"; sourceTree = "<group>"; };
		C4340A5723678DEB007912A5 /* Base */ = {isa = PBXFileReference; lastKnownFileType = file.storyboard; name = Base; path = Base.lproj/Main.storyboard; sourceTree = "<group>"; };
		C4340A5923678DEB007912A5 /* Info.plist */ = {isa = PBXFileReference; lastKnownFileType = text.plist.xml; path = Info.plist; sourceTree = "<group>"; };
		C4340A5A23678DEB007912A5 /* VideoCreationAssistant.entitlements */ = {isa = PBXFileReference; lastKnownFileType = text.plist.entitlements; path = VideoCreationAssistant.entitlements; sourceTree = "<group>"; };
		C4340A642367906A007912A5 /* Stopwatch.swift */ = {isa = PBXFileReference; fileEncoding = 4; lastKnownFileType = sourcecode.swift; path = Stopwatch.swift; sourceTree = "<group>"; };
		C4340A662367906A007912A5 /* ImgurImageStore.swift */ = {isa = PBXFileReference; fileEncoding = 4; lastKnownFileType = sourcecode.swift; path = ImgurImageStore.swift; sourceTree = "<group>"; };
		C4340A682367906A007912A5 /* ImgurClient.swift */ = {isa = PBXFileReference; fileEncoding = 4; lastKnownFileType = sourcecode.swift; path = ImgurClient.swift; sourceTree = "<group>"; };
		C4340A692367906A007912A5 /* UserNotificationController.swift */ = {isa = PBXFileReference; fileEncoding = 4; lastKnownFileType = sourcecode.swift; path = UserNotificationController.swift; sourceTree = "<group>"; };
		C4340A6A2367906A007912A5 /* FolderContentMonitor.swift */ = {isa = PBXFileReference; fileEncoding = 4; lastKnownFileType = sourcecode.swift; path = FolderContentMonitor.swift; sourceTree = "<group>"; };
		C4340A6C2367906A007912A5 /* StatusItemController.swift */ = {isa = PBXFileReference; fileEncoding = 4; lastKnownFileType = sourcecode.swift; path = StatusItemController.swift; sourceTree = "<group>"; };
		C4340A6E2367906A007912A5 /* AboutMenuController.swift */ = {isa = PBXFileReference; fileEncoding = 4; lastKnownFileType = sourcecode.swift; path = AboutMenuController.swift; sourceTree = "<group>"; };
		C4340A6F2367906A007912A5 /* ImgurAlbumMenuController.swift */ = {isa = PBXFileReference; fileEncoding = 4; lastKnownFileType = sourcecode.swift; path = ImgurAlbumMenuController.swift; sourceTree = "<group>"; };
		C4340A702367906A007912A5 /* ImgurMenuController.swift */ = {isa = PBXFileReference; fileEncoding = 4; lastKnownFileType = sourcecode.swift; path = ImgurMenuController.swift; sourceTree = "<group>"; };
		C4340A712367906A007912A5 /* UploadsMenuController.swift */ = {isa = PBXFileReference; fileEncoding = 4; lastKnownFileType = sourcecode.swift; path = UploadsMenuController.swift; sourceTree = "<group>"; };
		C4340A722367906A007912A5 /* StatusItemMenuController.swift */ = {isa = PBXFileReference; fileEncoding = 4; lastKnownFileType = sourcecode.swift; path = StatusItemMenuController.swift; sourceTree = "<group>"; };
		C4340A732367906A007912A5 /* PreferencesMenuController.swift */ = {isa = PBXFileReference; fileEncoding = 4; lastKnownFileType = sourcecode.swift; path = PreferencesMenuController.swift; sourceTree = "<group>"; };
		C4340A742367906A007912A5 /* MenuController.swift */ = {isa = PBXFileReference; fileEncoding = 4; lastKnownFileType = sourcecode.swift; path = MenuController.swift; sourceTree = "<group>"; };
		C4340A752367906A007912A5 /* PostingView.swift */ = {isa = PBXFileReference; fileEncoding = 4; lastKnownFileType = sourcecode.swift; path = PostingView.swift; sourceTree = "<group>"; };
		C4340A772367906A007912A5 /* NSMenuExtension.swift */ = {isa = PBXFileReference; fileEncoding = 4; lastKnownFileType = sourcecode.swift; path = NSMenuExtension.swift; sourceTree = "<group>"; };
		C4340A782367906A007912A5 /* IMGImage.swift */ = {isa = PBXFileReference; fileEncoding = 4; lastKnownFileType = sourcecode.swift; path = IMGImage.swift; sourceTree = "<group>"; };
		C4340A7A2367906A007912A5 /* ScreenshotMonitor.swift */ = {isa = PBXFileReference; fileEncoding = 4; lastKnownFileType = sourcecode.swift; path = ScreenshotMonitor.swift; sourceTree = "<group>"; };
		C4340A7D2367906B007912A5 /* BeforeRecording.swift */ = {isa = PBXFileReference; fileEncoding = 4; lastKnownFileType = sourcecode.swift; path = BeforeRecording.swift; sourceTree = "<group>"; };
		C4340A7E2367906B007912A5 /* RecordingManager.swift */ = {isa = PBXFileReference; fileEncoding = 4; lastKnownFileType = sourcecode.swift; path = RecordingManager.swift; sourceTree = "<group>"; };
		C4340A812367906B007912A5 /* DuringRecording.swift */ = {isa = PBXFileReference; fileEncoding = 4; lastKnownFileType = sourcecode.swift; path = DuringRecording.swift; sourceTree = "<group>"; };
		C4340A822367906B007912A5 /* RecordingWatcher.swift */ = {isa = PBXFileReference; fileEncoding = 4; lastKnownFileType = sourcecode.swift; path = RecordingWatcher.swift; sourceTree = "<group>"; };
		C43CCE6E2385D74B000007E3 /* ClipExtractor.swift */ = {isa = PBXFileReference; lastKnownFileType = sourcecode.swift; path = ClipExtractor.swift; sourceTree = "<group>"; };
		C43CCE702385E28A000007E3 /* ArrayExtensions.swift */ = {isa = PBXFileReference; lastKnownFileType = sourcecode.swift; path = ArrayExtensions.swift; sourceTree = SOURCE_ROOT; };
		C45C3BE8236870460091A324 /* DetailsView.swift */ = {isa = PBXFileReference; lastKnownFileType = sourcecode.swift; path = DetailsView.swift; sourceTree = "<group>"; };
		C46D099C23836B4400AD1A53 /* YoutubePostingView.swift */ = {isa = PBXFileReference; lastKnownFileType = sourcecode.swift; path = YoutubePostingView.swift; sourceTree = "<group>"; };
		C46D099F23836BA500AD1A53 /* Shell.swift */ = {isa = PBXFileReference; lastKnownFileType = sourcecode.swift; path = Shell.swift; sourceTree = SOURCE_ROOT; };
		C4C90A1F2388212E008B1603 /* VideoCreationAssistantTests.xctest */ = {isa = PBXFileReference; explicitFileType = wrapper.cfbundle; includeInIndex = 0; path = VideoCreationAssistantTests.xctest; sourceTree = BUILT_PRODUCTS_DIR; };
		C4C90A232388212E008B1603 /* Info.plist */ = {isa = PBXFileReference; lastKnownFileType = text.plist.xml; path = Info.plist; sourceTree = "<group>"; };
		C4C90A35238828AD008B1603 /* ClipExtractorTest.swift */ = {isa = PBXFileReference; lastKnownFileType = sourcecode.swift; path = ClipExtractorTest.swift; sourceTree = "<group>"; };
		C4C90A3B23882AD1008B1603 /* ObjectFactory.swift */ = {isa = PBXFileReference; lastKnownFileType = sourcecode.swift; path = ObjectFactory.swift; sourceTree = "<group>"; };
		C4C90A3D23882B9D008B1603 /* StringExtensions.swift */ = {isa = PBXFileReference; lastKnownFileType = sourcecode.swift; path = StringExtensions.swift; sourceTree = "<group>"; };
		C4E09AC223A40C4500A0D379 /* OA.swift */ = {isa = PBXFileReference; lastKnownFileType = sourcecode.swift; path = OA.swift; sourceTree = "<group>"; };
/* End PBXFileReference section */

/* Begin PBXFrameworksBuildPhase section */
		C4340A4423678DE9007912A5 /* Frameworks */ = {
			isa = PBXFrameworksBuildPhase;
			buildActionMask = 2147483647;
			files = (
				99801989088E6A2961C4032D /* Pods_VideoCreationAssistant.framework in Frameworks */,
			);
			runOnlyForDeploymentPostprocessing = 0;
		};
		C4C90A1C2388212E008B1603 /* Frameworks */ = {
			isa = PBXFrameworksBuildPhase;
			buildActionMask = 2147483647;
			files = (
				CB10CFB858C6E44A0CE14E93 /* libPods-VideoCreationAssistantTests.a in Frameworks */,
			);
			runOnlyForDeploymentPostprocessing = 0;
		};
/* End PBXFrameworksBuildPhase section */

/* Begin PBXGroup section */
		735633951A39176880E14395 /* Frameworks */ = {
			isa = PBXGroup;
			children = (
				341200FC460B4374F79CCA3C /* Pods_VideoCreationAssistant.framework */,
				1989F9BC1EE60E11B405CCD0 /* libPods-VideoCreationAssistantTests.a */,
			);
			name = Frameworks;
			sourceTree = "<group>";
		};
		BEF2213E459DFB94C47AAD7D /* Timing */ = {
			isa = PBXGroup;
			children = (
				BEF222C2844F1439F174A518 /* Duration.swift */,
				BEF22B61640D3ACC9F15005D /* TimeFormatter.swift */,
				BEF22F4E451F5296199FF459 /* Timestamp.swift */,
			);
			path = Timing;
			sourceTree = "<group>";
		};
		BEF224D201AF514C5BF17203 /* Clips */ = {
			isa = PBXGroup;
			children = (
				BEF22E068E30D31FAD28E340 /* ClipExtractorView.swift */,
			);
			path = Clips;
			sourceTree = "<group>";
		};
		BEF22BEE00C590685A8F94FE /* YouTube */ = {
			isa = PBXGroup;
			children = (
				BEF223B8A96F0EFBF55DFCC3 /* YouTubePoster.swift */,
				BEF22F8F511CABE0A9E68927 /* ApplescriptYouTubeResultsParser.swift */,
			);
			path = YouTube;
			sourceTree = "<group>";
		};
		BEF22ECAC8653D4825D614FA /* Devto */ = {
			isa = PBXGroup;
			children = (
				BEF22B7DB9265419C57BDBB0 /* Devto.swift */,
			);
			path = Devto;
			sourceTree = "<group>";
		};
		C4340A3E23678DE9007912A5 = {
			isa = PBXGroup;
			children = (
				C4340A4923678DE9007912A5 /* VideoCreationAssistant */,
				C4C90A202388212E008B1603 /* VideoCreationAssistantTests */,
				C4340A4823678DE9007912A5 /* Products */,
				FBC3A2E3A145D3775DCE7DCF /* Pods */,
				735633951A39176880E14395 /* Frameworks */,
			);
			sourceTree = "<group>";
		};
		C4340A4823678DE9007912A5 /* Products */ = {
			isa = PBXGroup;
			children = (
				C4340A4723678DE9007912A5 /* VideoCreationAssistant.app */,
				C4C90A1F2388212E008B1603 /* VideoCreationAssistantTests.xctest */,
			);
			name = Products;
			sourceTree = "<group>";
		};
		C4340A4923678DE9007912A5 /* VideoCreationAssistant */ = {
			isa = PBXGroup;
			children = (
				C46D099E23836B9500AD1A53 /* Utilities */,
				C45EBD1B2368DB97000564BE /* Posting */,
				C4340A762367906A007912A5 /* Extensions */,
				C4340A652367906A007912A5 /* Imgur */,
				C4340A6B2367906A007912A5 /* Interface */,
				C4340A792367906A007912A5 /* Monitors */,
				C4340A7C2367906B007912A5 /* Recording */,
				C4340A622367906A007912A5 /* Stopwatch */,
				C4340A692367906A007912A5 /* UserNotificationController.swift */,
				C4340A4A23678DE9007912A5 /* AppDelegate.swift */,
				C4340A5123678DEB007912A5 /* Assets.xcassets */,
				C4340A5623678DEB007912A5 /* Main.storyboard */,
				C4340A5923678DEB007912A5 /* Info.plist */,
				C4340A5A23678DEB007912A5 /* VideoCreationAssistant.entitlements */,
				C4340A4E23678DE9007912A5 /* VideoCreationAssistant.xcdatamodeld */,
				C4340A5323678DEB007912A5 /* Preview Content */,
				C45C3BE8236870460091A324 /* DetailsView.swift */,
				C43CCE6E2385D74B000007E3 /* ClipExtractor.swift */,
				BEF2213E459DFB94C47AAD7D /* Timing */,
				BEF22AFB4A836A4181F48462 /* PathBuilder.swift */,
				BEF224D201AF514C5BF17203 /* Clips */,
				C4E09AC223A40C4500A0D379 /* OA.swift */,
				BEF22D84D47FE16E10B5CD36 /* OAuthRetrier.swift */,
			);
			path = VideoCreationAssistant;
			sourceTree = "<group>";
		};
		C4340A5323678DEB007912A5 /* Preview Content */ = {
			isa = PBXGroup;
			children = (
				C4340A5423678DEB007912A5 /* Preview Assets.xcassets */,
			);
			path = "Preview Content";
			sourceTree = "<group>";
		};
		C4340A622367906A007912A5 /* Stopwatch */ = {
			isa = PBXGroup;
			children = (
				C4340A642367906A007912A5 /* Stopwatch.swift */,
			);
			path = Stopwatch;
			sourceTree = "<group>";
		};
		C4340A652367906A007912A5 /* Imgur */ = {
			isa = PBXGroup;
			children = (
				C4340A662367906A007912A5 /* ImgurImageStore.swift */,
				C4340A682367906A007912A5 /* ImgurClient.swift */,
				BEF22DBE0B9FB947FB4D9E52 /* Preferences.swift */,
			);
			path = Imgur;
			sourceTree = "<group>";
		};
		C4340A6B2367906A007912A5 /* Interface */ = {
			isa = PBXGroup;
			children = (
				C4340A6C2367906A007912A5 /* StatusItemController.swift */,
				C4340A6D2367906A007912A5 /* Menu */,
			);
			path = Interface;
			sourceTree = "<group>";
			usesTabs = 0;
		};
		C4340A6D2367906A007912A5 /* Menu */ = {
			isa = PBXGroup;
			children = (
				C4340A6E2367906A007912A5 /* AboutMenuController.swift */,
				C4340A6F2367906A007912A5 /* ImgurAlbumMenuController.swift */,
				C4340A702367906A007912A5 /* ImgurMenuController.swift */,
				C4340A712367906A007912A5 /* UploadsMenuController.swift */,
				C4340A722367906A007912A5 /* StatusItemMenuController.swift */,
				C4340A732367906A007912A5 /* PreferencesMenuController.swift */,
				C4340A742367906A007912A5 /* MenuController.swift */,
			);
			path = Menu;
			sourceTree = "<group>";
		};
		C4340A762367906A007912A5 /* Extensions */ = {
			isa = PBXGroup;
			children = (
				C4340A772367906A007912A5 /* NSMenuExtension.swift */,
				C4340A782367906A007912A5 /* IMGImage.swift */,
				C43CCE702385E28A000007E3 /* ArrayExtensions.swift */,
				C4C90A3D23882B9D008B1603 /* StringExtensions.swift */,
			);
			path = Extensions;
			sourceTree = "<group>";
		};
		C4340A792367906A007912A5 /* Monitors */ = {
			isa = PBXGroup;
			children = (
				C4340A6A2367906A007912A5 /* FolderContentMonitor.swift */,
				C4340A7A2367906A007912A5 /* ScreenshotMonitor.swift */,
			);
			path = Monitors;
			sourceTree = "<group>";
		};
		C4340A7C2367906B007912A5 /* Recording */ = {
			isa = PBXGroup;
			children = (
				C4340A7D2367906B007912A5 /* BeforeRecording.swift */,
				C4340A7E2367906B007912A5 /* RecordingManager.swift */,
				C4340A812367906B007912A5 /* DuringRecording.swift */,
				C4340A822367906B007912A5 /* RecordingWatcher.swift */,
				BEF22EF577F76C9185FBFBA8 /* RecordingEventMapper.swift */,
				BEF227D6FDE2E2B403707616 /* RecordingEvent.swift */,
				BEF229BC761F0D025B6867E2 /* RecordingView.swift */,
			);
			path = Recording;
			sourceTree = "<group>";
		};
		C45EBD1B2368DB97000564BE /* Posting */ = {
			isa = PBXGroup;
			children = (
				C4340A752367906A007912A5 /* PostingView.swift */,
				C46D099C23836B4400AD1A53 /* YoutubePostingView.swift */,
				BEF22ECAC8653D4825D614FA /* Devto */,
				BEF22BEE00C590685A8F94FE /* YouTube */,
			);
			path = Posting;
			sourceTree = "<group>";
		};
		C46D099E23836B9500AD1A53 /* Utilities */ = {
			isa = PBXGroup;
			children = (
				C46D099F23836BA500AD1A53 /* Shell.swift */,
				BEF2282BA4FF5BD95DF7D452 /* Directory.swift */,
			);
			path = Utilities;
			sourceTree = "<group>";
		};
		C4C90A202388212E008B1603 /* VideoCreationAssistantTests */ = {
			isa = PBXGroup;
			children = (
				C4C90A232388212E008B1603 /* Info.plist */,
				C4C90A35238828AD008B1603 /* ClipExtractorTest.swift */,
				C4C90A3B23882AD1008B1603 /* ObjectFactory.swift */,
				BEF2259282D5C48FCA334347 /* DirectoryUtilsTest.swift */,
				BEF2210E47D2E833A2AEA6A5 /* ScreenflickVideoEventMapperTest.swift */,
				BEF2299772806759F995DEAB /* RecordingSoftwareTest.swift */,
				BEF22344C377A5FDC7ABF4F2 /* VideoFinalizedTest.swift */,
				BEF22DF96C75D43A3E29E5B9 /* YouTubePosterTest.swift */,
				BEF2246F1524928762D4F36E /* TimestampCreationTest.swift */,
				BEF224EBCD6BF993B42A9A58 /* StringExtensionsTest.swift */,
				BEF225B5B374284F23EFE937 /* YouTubeUploadTemplate.swift */,
			);
			path = VideoCreationAssistantTests;
			sourceTree = "<group>";
		};
		FBC3A2E3A145D3775DCE7DCF /* Pods */ = {
			isa = PBXGroup;
			children = (
				74505A8CBA3C0D6073F16CF9 /* Pods-VideoCreationAssistant.debug.xcconfig */,
				8947B5F183411DFD096065E3 /* Pods-VideoCreationAssistant.release.xcconfig */,
				3992BE3783937AA54F580C63 /* Pods-VideoCreationAssistantTests.debug.xcconfig */,
				1E07D66B9818060112AC305F /* Pods-VideoCreationAssistantTests.release.xcconfig */,
			);
			path = Pods;
			sourceTree = "<group>";
		};
/* End PBXGroup section */

/* Begin PBXNativeTarget section */
		C4340A4623678DE9007912A5 /* VideoCreationAssistant */ = {
			isa = PBXNativeTarget;
			buildConfigurationList = C4340A5D23678DEB007912A5 /* Build configuration list for PBXNativeTarget "VideoCreationAssistant" */;
			buildPhases = (
				DA907D168F49ABB181498AFE /* [CP] Check Pods Manifest.lock */,
				C4340A4323678DE9007912A5 /* Sources */,
				C4340A4423678DE9007912A5 /* Frameworks */,
				C4340A4523678DE9007912A5 /* Resources */,
				6A7BCE91B7D7B254E6E6621F /* [CP] Embed Pods Frameworks */,
			);
			buildRules = (
			);
			dependencies = (
			);
			name = VideoCreationAssistant;
			packageProductDependencies = (
				C4E09AC023A40BE900A0D379 /* XCSwiftPackageProductDependency */,
			);
			productName = VideoCreationAssistant;
			productReference = C4340A4723678DE9007912A5 /* VideoCreationAssistant.app */;
			productType = "com.apple.product-type.application";
		};
		C4C90A1E2388212E008B1603 /* VideoCreationAssistantTests */ = {
			isa = PBXNativeTarget;
			buildConfigurationList = C4C90A262388212E008B1603 /* Build configuration list for PBXNativeTarget "VideoCreationAssistantTests" */;
			buildPhases = (
				8710C2C00C5181851B1AF2A3 /* [CP] Check Pods Manifest.lock */,
				C4C90A1B2388212E008B1603 /* Sources */,
				C4C90A1C2388212E008B1603 /* Frameworks */,
				C4C90A1D2388212E008B1603 /* Resources */,
			);
			buildRules = (
			);
			dependencies = (
				C4C90A252388212E008B1603 /* PBXTargetDependency */,
			);
			name = VideoCreationAssistantTests;
			productName = VideoCreationAssistantTests;
			productReference = C4C90A1F2388212E008B1603 /* VideoCreationAssistantTests.xctest */;
			productType = "com.apple.product-type.bundle.unit-test";
		};
/* End PBXNativeTarget section */

/* Begin PBXProject section */
		C4340A3F23678DE9007912A5 /* Project object */ = {
			isa = PBXProject;
			attributes = {
				LastSwiftUpdateCheck = 1120;
				LastUpgradeCheck = 1110;
				ORGANIZATIONNAME = lustig;
				TargetAttributes = {
					C4340A4623678DE9007912A5 = {
						CreatedOnToolsVersion = 11.1;
					};
					C4C90A1E2388212E008B1603 = {
						CreatedOnToolsVersion = 11.2.1;
						TestTargetID = C4340A4623678DE9007912A5;
					};
				};
			};
			buildConfigurationList = C4340A4223678DE9007912A5 /* Build configuration list for PBXProject "VideoCreationAssistant" */;
			compatibilityVersion = "Xcode 9.3";
			developmentRegion = en;
			hasScannedForEncodings = 0;
			knownRegions = (
				en,
				Base,
			);
			mainGroup = C4340A3E23678DE9007912A5;
			packageReferences = (
				C4E09ABF23A40BE900A0D379 /* XCRemoteSwiftPackageReference */,
			);
			productRefGroup = C4340A4823678DE9007912A5 /* Products */;
			projectDirPath = "";
			projectRoot = "";
			targets = (
				C4340A4623678DE9007912A5 /* VideoCreationAssistant */,
				C4C90A1E2388212E008B1603 /* VideoCreationAssistantTests */,
			);
		};
/* End PBXProject section */

/* Begin PBXResourcesBuildPhase section */
		C4340A4523678DE9007912A5 /* Resources */ = {
			isa = PBXResourcesBuildPhase;
			buildActionMask = 2147483647;
			files = (
				C4340A5823678DEB007912A5 /* Main.storyboard in Resources */,
				C4340A5523678DEB007912A5 /* Preview Assets.xcassets in Resources */,
				C4340A5223678DEB007912A5 /* Assets.xcassets in Resources */,
			);
			runOnlyForDeploymentPostprocessing = 0;
		};
		C4C90A1D2388212E008B1603 /* Resources */ = {
			isa = PBXResourcesBuildPhase;
			buildActionMask = 2147483647;
			files = (
			);
			runOnlyForDeploymentPostprocessing = 0;
		};
/* End PBXResourcesBuildPhase section */

/* Begin PBXShellScriptBuildPhase section */
		6A7BCE91B7D7B254E6E6621F /* [CP] Embed Pods Frameworks */ = {
			isa = PBXShellScriptBuildPhase;
			buildActionMask = 2147483647;
			files = (
			);
			inputFileListPaths = (
				"${PODS_ROOT}/Target Support Files/Pods-VideoCreationAssistant/Pods-VideoCreationAssistant-frameworks-${CONFIGURATION}-input-files.xcfilelist",
			);
			name = "[CP] Embed Pods Frameworks";
			outputFileListPaths = (
				"${PODS_ROOT}/Target Support Files/Pods-VideoCreationAssistant/Pods-VideoCreationAssistant-frameworks-${CONFIGURATION}-output-files.xcfilelist",
			);
			runOnlyForDeploymentPostprocessing = 0;
			shellPath = /bin/sh;
			shellScript = "\"${PODS_ROOT}/Target Support Files/Pods-VideoCreationAssistant/Pods-VideoCreationAssistant-frameworks.sh\"\n";
			showEnvVarsInLog = 0;
		};
		8710C2C00C5181851B1AF2A3 /* [CP] Check Pods Manifest.lock */ = {
			isa = PBXShellScriptBuildPhase;
			buildActionMask = 2147483647;
			files = (
			);
			inputFileListPaths = (
			);
			inputPaths = (
				"${PODS_PODFILE_DIR_PATH}/Podfile.lock",
				"${PODS_ROOT}/Manifest.lock",
			);
			name = "[CP] Check Pods Manifest.lock";
			outputFileListPaths = (
			);
			outputPaths = (
				"$(DERIVED_FILE_DIR)/Pods-VideoCreationAssistantTests-checkManifestLockResult.txt",
			);
			runOnlyForDeploymentPostprocessing = 0;
			shellPath = /bin/sh;
			shellScript = "diff \"${PODS_PODFILE_DIR_PATH}/Podfile.lock\" \"${PODS_ROOT}/Manifest.lock\" > /dev/null\nif [ $? != 0 ] ; then\n    # print error to STDERR\n    echo \"error: The sandbox is not in sync with the Podfile.lock. Run 'pod install' or update your CocoaPods installation.\" >&2\n    exit 1\nfi\n# This output is used by Xcode 'outputs' to avoid re-running this script phase.\necho \"SUCCESS\" > \"${SCRIPT_OUTPUT_FILE_0}\"\n";
			showEnvVarsInLog = 0;
		};
		DA907D168F49ABB181498AFE /* [CP] Check Pods Manifest.lock */ = {
			isa = PBXShellScriptBuildPhase;
			buildActionMask = 2147483647;
			files = (
			);
			inputFileListPaths = (
			);
			inputPaths = (
				"${PODS_PODFILE_DIR_PATH}/Podfile.lock",
				"${PODS_ROOT}/Manifest.lock",
			);
			name = "[CP] Check Pods Manifest.lock";
			outputFileListPaths = (
			);
			outputPaths = (
				"$(DERIVED_FILE_DIR)/Pods-VideoCreationAssistant-checkManifestLockResult.txt",
			);
			runOnlyForDeploymentPostprocessing = 0;
			shellPath = /bin/sh;
			shellScript = "diff \"${PODS_PODFILE_DIR_PATH}/Podfile.lock\" \"${PODS_ROOT}/Manifest.lock\" > /dev/null\nif [ $? != 0 ] ; then\n    # print error to STDERR\n    echo \"error: The sandbox is not in sync with the Podfile.lock. Run 'pod install' or update your CocoaPods installation.\" >&2\n    exit 1\nfi\n# This output is used by Xcode 'outputs' to avoid re-running this script phase.\necho \"SUCCESS\" > \"${SCRIPT_OUTPUT_FILE_0}\"\n";
			showEnvVarsInLog = 0;
		};
/* End PBXShellScriptBuildPhase section */

/* Begin PBXSourcesBuildPhase section */
		C4340A4323678DE9007912A5 /* Sources */ = {
			isa = PBXSourcesBuildPhase;
			buildActionMask = 2147483647;
			files = (
				C4340A922367906B007912A5 /* PostingView.swift in Sources */,
				C4340A8D2367906B007912A5 /* ImgurMenuController.swift in Sources */,
				C4340A4B23678DE9007912A5 /* AppDelegate.swift in Sources */,
				C45C3BE9236870460091A324 /* DetailsView.swift in Sources */,
				C4340A882367906B007912A5 /* UserNotificationController.swift in Sources */,
				C4340A8C2367906B007912A5 /* ImgurAlbumMenuController.swift in Sources */,
				C4340A9C2367906B007912A5 /* RecordingWatcher.swift in Sources */,
				C4340A8F2367906B007912A5 /* StatusItemMenuController.swift in Sources */,
				C4340A842367906B007912A5 /* Stopwatch.swift in Sources */,
				C4340A8E2367906B007912A5 /* UploadsMenuController.swift in Sources */,
				C4340A892367906B007912A5 /* FolderContentMonitor.swift in Sources */,
				C43CCE712385E28A000007E3 /* ArrayExtensions.swift in Sources */,
				C4340A932367906B007912A5 /* NSMenuExtension.swift in Sources */,
				C4340A912367906B007912A5 /* MenuController.swift in Sources */,
				C4C90A3E23882B9D008B1603 /* StringExtensions.swift in Sources */,
				C46D09A023836BA500AD1A53 /* Shell.swift in Sources */,
				C4340A852367906B007912A5 /* ImgurImageStore.swift in Sources */,
				C43CCE6F2385D74B000007E3 /* ClipExtractor.swift in Sources */,
				C4340A972367906B007912A5 /* BeforeRecording.swift in Sources */,
				C4340A8B2367906B007912A5 /* AboutMenuController.swift in Sources */,
				C4340A9B2367906B007912A5 /* DuringRecording.swift in Sources */,
				C4340A8A2367906B007912A5 /* StatusItemController.swift in Sources */,
				C4340A5023678DE9007912A5 /* VideoCreationAssistant.xcdatamodeld in Sources */,
				C4340A952367906B007912A5 /* ScreenshotMonitor.swift in Sources */,
				C4340A872367906B007912A5 /* ImgurClient.swift in Sources */,
				C4340A902367906B007912A5 /* PreferencesMenuController.swift in Sources */,
				C4340A982367906B007912A5 /* RecordingManager.swift in Sources */,
				C4340A942367906B007912A5 /* IMGImage.swift in Sources */,
				C46D099D23836B4400AD1A53 /* YoutubePostingView.swift in Sources */,
				BEF22A9137349506D855BFD1 /* Preferences.swift in Sources */,
				BEF229496EC768F7461228AB /* Duration.swift in Sources */,
				BEF22D9CE7A978666E7F2300 /* TimeFormatter.swift in Sources */,
				BEF222EC97ABA39109656807 /* Timestamp.swift in Sources */,
				BEF2226C2D6F8A4821E455E9 /* Directory.swift in Sources */,
				BEF22DEB4A5692ADE0F8B07B /* PathBuilder.swift in Sources */,
				BEF2274C46AD250B990B078D /* RecordingEventMapper.swift in Sources */,
				BEF225D2B34F1E9BD0FEFEB5 /* RecordingEvent.swift in Sources */,
				BEF22EA1D9335B3FDBA97F1F /* ClipExtractorView.swift in Sources */,
				BEF223B23DE20D7038FD9C63 /* Devto.swift in Sources */,
				BEF228CA5011117F85BCD339 /* RecordingView.swift in Sources */,
				BEF2270E6C3F9010CA5C27EC /* YouTubePoster.swift in Sources */,
				BEF22626337B0E0DABEFB559 /* ApplescriptYouTubeResultsParser.swift in Sources */,
				BEF22F6E872EB7AF7B2810F8 /* YouTubeUploadTemplate.swift in Sources */,
				C4E09AC323A40C4500A0D379 /* OA.swift in Sources */,
				BEF2213DCB700F26762E7E61 /* OAuthRetrier.swift in Sources */,
			);
			runOnlyForDeploymentPostprocessing = 0;
		};
		C4C90A1B2388212E008B1603 /* Sources */ = {
			isa = PBXSourcesBuildPhase;
			buildActionMask = 2147483647;
			files = (
				C4C90A36238828AD008B1603 /* ClipExtractorTest.swift in Sources */,
				C4C90A34238827A5008B1603 /* FolderContentMonitor.swift in Sources */,
				C4C90A3F23882B9D008B1603 /* StringExtensions.swift in Sources */,
				C4C90A3323882709008B1603 /* ScreenshotMonitor.swift in Sources */,
				C4C90A3C23882AD1008B1603 /* ObjectFactory.swift in Sources */,
				C4C90A4123882E1F008B1603 /* Shell.swift in Sources */,
				BEF22CF328CE7D38BD364A2D /* DirectoryUtilsTest.swift in Sources */,
				BEF226DB7CD1389F38C34BC7 /* ScreenflickVideoEventMapperTest.swift in Sources */,
				BEF229E84B00048C5E0CE461 /* RecordingSoftwareTest.swift in Sources */,
				BEF2256FDC4FA08A32A39A2E /* VideoFinalizedTest.swift in Sources */,
				BEF22E6F58B79B6CE59AC66B /* YouTubePosterTest.swift in Sources */,
				BEF22745357B72C967ED6444 /* TimestampCreationTest.swift in Sources */,
				BEF22A28C02561B742389B02 /* StringExtensionsTest.swift in Sources */,
			);
			runOnlyForDeploymentPostprocessing = 0;
		};
/* End PBXSourcesBuildPhase section */

/* Begin PBXTargetDependency section */
		C4C90A252388212E008B1603 /* PBXTargetDependency */ = {
			isa = PBXTargetDependency;
			target = C4340A4623678DE9007912A5 /* VideoCreationAssistant */;
			targetProxy = C4C90A242388212E008B1603 /* PBXContainerItemProxy */;
		};
/* End PBXTargetDependency section */

/* Begin PBXVariantGroup section */
		C4340A5623678DEB007912A5 /* Main.storyboard */ = {
			isa = PBXVariantGroup;
			children = (
				C4340A5723678DEB007912A5 /* Base */,
			);
			name = Main.storyboard;
			sourceTree = "<group>";
		};
/* End PBXVariantGroup section */

/* Begin XCBuildConfiguration section */
		C4340A5B23678DEB007912A5 /* Debug */ = {
			isa = XCBuildConfiguration;
			buildSettings = {
				ALWAYS_SEARCH_USER_PATHS = NO;
				CLANG_ANALYZER_NONNULL = YES;
				CLANG_ANALYZER_NUMBER_OBJECT_CONVERSION = YES_AGGRESSIVE;
				CLANG_CXX_LANGUAGE_STANDARD = "gnu++14";
				CLANG_CXX_LIBRARY = "libc++";
				CLANG_ENABLE_MODULES = YES;
				CLANG_ENABLE_OBJC_ARC = YES;
				CLANG_ENABLE_OBJC_WEAK = YES;
				CLANG_WARN_BLOCK_CAPTURE_AUTORELEASING = YES;
				CLANG_WARN_BOOL_CONVERSION = YES;
				CLANG_WARN_COMMA = YES;
				CLANG_WARN_CONSTANT_CONVERSION = YES;
				CLANG_WARN_DEPRECATED_OBJC_IMPLEMENTATIONS = YES;
				CLANG_WARN_DIRECT_OBJC_ISA_USAGE = YES_ERROR;
				CLANG_WARN_DOCUMENTATION_COMMENTS = YES;
				CLANG_WARN_EMPTY_BODY = YES;
				CLANG_WARN_ENUM_CONVERSION = YES;
				CLANG_WARN_INFINITE_RECURSION = YES;
				CLANG_WARN_INT_CONVERSION = YES;
				CLANG_WARN_NON_LITERAL_NULL_CONVERSION = YES;
				CLANG_WARN_OBJC_IMPLICIT_RETAIN_SELF = YES;
				CLANG_WARN_OBJC_LITERAL_CONVERSION = YES;
				CLANG_WARN_OBJC_ROOT_CLASS = YES_ERROR;
				CLANG_WARN_RANGE_LOOP_ANALYSIS = YES;
				CLANG_WARN_STRICT_PROTOTYPES = YES;
				CLANG_WARN_SUSPICIOUS_MOVE = YES;
				CLANG_WARN_UNGUARDED_AVAILABILITY = YES_AGGRESSIVE;
				CLANG_WARN_UNREACHABLE_CODE = YES;
				CLANG_WARN__DUPLICATE_METHOD_MATCH = YES;
				COPY_PHASE_STRIP = NO;
				DEBUG_INFORMATION_FORMAT = dwarf;
				ENABLE_STRICT_OBJC_MSGSEND = YES;
				ENABLE_TESTABILITY = YES;
				GCC_C_LANGUAGE_STANDARD = gnu11;
				GCC_DYNAMIC_NO_PIC = NO;
				GCC_NO_COMMON_BLOCKS = YES;
				GCC_OPTIMIZATION_LEVEL = 0;
				GCC_PREPROCESSOR_DEFINITIONS = (
					"DEBUG=1",
					"$(inherited)",
				);
				GCC_WARN_64_TO_32_BIT_CONVERSION = YES;
				GCC_WARN_ABOUT_RETURN_TYPE = YES_ERROR;
				GCC_WARN_UNDECLARED_SELECTOR = YES;
				GCC_WARN_UNINITIALIZED_AUTOS = YES_AGGRESSIVE;
				GCC_WARN_UNUSED_FUNCTION = YES;
				GCC_WARN_UNUSED_VARIABLE = YES;
				MACOSX_DEPLOYMENT_TARGET = 10.15;
				MTL_ENABLE_DEBUG_INFO = INCLUDE_SOURCE;
				MTL_FAST_MATH = YES;
				ONLY_ACTIVE_ARCH = YES;
				SDKROOT = macosx;
				SWIFT_ACTIVE_COMPILATION_CONDITIONS = DEBUG;
				SWIFT_OPTIMIZATION_LEVEL = "-Onone";
			};
			name = Debug;
		};
		C4340A5C23678DEB007912A5 /* Release */ = {
			isa = XCBuildConfiguration;
			buildSettings = {
				ALWAYS_SEARCH_USER_PATHS = NO;
				CLANG_ANALYZER_NONNULL = YES;
				CLANG_ANALYZER_NUMBER_OBJECT_CONVERSION = YES_AGGRESSIVE;
				CLANG_CXX_LANGUAGE_STANDARD = "gnu++14";
				CLANG_CXX_LIBRARY = "libc++";
				CLANG_ENABLE_MODULES = YES;
				CLANG_ENABLE_OBJC_ARC = YES;
				CLANG_ENABLE_OBJC_WEAK = YES;
				CLANG_WARN_BLOCK_CAPTURE_AUTORELEASING = YES;
				CLANG_WARN_BOOL_CONVERSION = YES;
				CLANG_WARN_COMMA = YES;
				CLANG_WARN_CONSTANT_CONVERSION = YES;
				CLANG_WARN_DEPRECATED_OBJC_IMPLEMENTATIONS = YES;
				CLANG_WARN_DIRECT_OBJC_ISA_USAGE = YES_ERROR;
				CLANG_WARN_DOCUMENTATION_COMMENTS = YES;
				CLANG_WARN_EMPTY_BODY = YES;
				CLANG_WARN_ENUM_CONVERSION = YES;
				CLANG_WARN_INFINITE_RECURSION = YES;
				CLANG_WARN_INT_CONVERSION = YES;
				CLANG_WARN_NON_LITERAL_NULL_CONVERSION = YES;
				CLANG_WARN_OBJC_IMPLICIT_RETAIN_SELF = YES;
				CLANG_WARN_OBJC_LITERAL_CONVERSION = YES;
				CLANG_WARN_OBJC_ROOT_CLASS = YES_ERROR;
				CLANG_WARN_RANGE_LOOP_ANALYSIS = YES;
				CLANG_WARN_STRICT_PROTOTYPES = YES;
				CLANG_WARN_SUSPICIOUS_MOVE = YES;
				CLANG_WARN_UNGUARDED_AVAILABILITY = YES_AGGRESSIVE;
				CLANG_WARN_UNREACHABLE_CODE = YES;
				CLANG_WARN__DUPLICATE_METHOD_MATCH = YES;
				COPY_PHASE_STRIP = NO;
				DEBUG_INFORMATION_FORMAT = "dwarf-with-dsym";
				ENABLE_NS_ASSERTIONS = NO;
				ENABLE_STRICT_OBJC_MSGSEND = YES;
				GCC_C_LANGUAGE_STANDARD = gnu11;
				GCC_NO_COMMON_BLOCKS = YES;
				GCC_WARN_64_TO_32_BIT_CONVERSION = YES;
				GCC_WARN_ABOUT_RETURN_TYPE = YES_ERROR;
				GCC_WARN_UNDECLARED_SELECTOR = YES;
				GCC_WARN_UNINITIALIZED_AUTOS = YES_AGGRESSIVE;
				GCC_WARN_UNUSED_FUNCTION = YES;
				GCC_WARN_UNUSED_VARIABLE = YES;
				MACOSX_DEPLOYMENT_TARGET = 10.15;
				MTL_ENABLE_DEBUG_INFO = NO;
				MTL_FAST_MATH = YES;
				SDKROOT = macosx;
				SWIFT_COMPILATION_MODE = wholemodule;
				SWIFT_OPTIMIZATION_LEVEL = "-O";
			};
			name = Release;
		};
		C4340A5E23678DEB007912A5 /* Debug */ = {
			isa = XCBuildConfiguration;
			baseConfigurationReference = 74505A8CBA3C0D6073F16CF9 /* Pods-VideoCreationAssistant.debug.xcconfig */;
			buildSettings = {
				ASSETCATALOG_COMPILER_APPICON_NAME = AppIcon;
				CODE_SIGN_ENTITLEMENTS = VideoCreationAssistant/VideoCreationAssistant.entitlements;
				CODE_SIGN_STYLE = Automatic;
				COMBINE_HIDPI_IMAGES = YES;
				DEVELOPMENT_ASSET_PATHS = "\"VideoCreationAssistant/Preview Content\"";
				DEVELOPMENT_TEAM = 4EC72DECN9;
				ENABLE_HARDENED_RUNTIME = NO;
				ENABLE_PREVIEWS = YES;
				INFOPLIST_FILE = VideoCreationAssistant/Info.plist;
				LD_RUNPATH_SEARCH_PATHS = (
					"$(inherited)",
					"@executable_path/../Frameworks",
				);
				MACOSX_DEPLOYMENT_TARGET = 10.15;
				PRODUCT_BUNDLE_IDENTIFIER = com.lustig.VideoCreationAssistant;
				PRODUCT_NAME = "$(TARGET_NAME)";
				SWIFT_VERSION = 5.0;
			};
			name = Debug;
		};
		C4340A5F23678DEB007912A5 /* Release */ = {
			isa = XCBuildConfiguration;
			baseConfigurationReference = 8947B5F183411DFD096065E3 /* Pods-VideoCreationAssistant.release.xcconfig */;
			buildSettings = {
				ASSETCATALOG_COMPILER_APPICON_NAME = AppIcon;
				CODE_SIGN_ENTITLEMENTS = VideoCreationAssistant/VideoCreationAssistant.entitlements;
				CODE_SIGN_STYLE = Automatic;
				COMBINE_HIDPI_IMAGES = YES;
				DEVELOPMENT_ASSET_PATHS = "\"VideoCreationAssistant/Preview Content\"";
				DEVELOPMENT_TEAM = 4EC72DECN9;
				ENABLE_HARDENED_RUNTIME = NO;
				ENABLE_PREVIEWS = YES;
				INFOPLIST_FILE = VideoCreationAssistant/Info.plist;
				LD_RUNPATH_SEARCH_PATHS = (
					"$(inherited)",
					"@executable_path/../Frameworks",
				);
				MACOSX_DEPLOYMENT_TARGET = 10.15;
				PRODUCT_BUNDLE_IDENTIFIER = com.lustig.VideoCreationAssistant;
				PRODUCT_NAME = "$(TARGET_NAME)";
				SWIFT_VERSION = 5.0;
			};
			name = Release;
		};
		C4C90A272388212E008B1603 /* Debug */ = {
			isa = XCBuildConfiguration;
			baseConfigurationReference = 3992BE3783937AA54F580C63 /* Pods-VideoCreationAssistantTests.debug.xcconfig */;
			buildSettings = {
				BUNDLE_LOADER = "$(TEST_HOST)";
				CODE_SIGN_STYLE = Automatic;
				COMBINE_HIDPI_IMAGES = YES;
				DEVELOPMENT_TEAM = 4EC72DECN9;
				INFOPLIST_FILE = VideoCreationAssistantTests/Info.plist;
				LD_RUNPATH_SEARCH_PATHS = (
					"$(inherited)",
					"@executable_path/../Frameworks",
					"@loader_path/../Frameworks",
				);
				PRODUCT_BUNDLE_IDENTIFIER = com.lustig.VideoCreationAssistantTests;
				PRODUCT_NAME = "$(TARGET_NAME)";
				SWIFT_VERSION = 5.0;
				TEST_HOST = "$(BUILT_PRODUCTS_DIR)/VideoCreationAssistant.app/Contents/MacOS/VideoCreationAssistant";
			};
			name = Debug;
		};
		C4C90A282388212E008B1603 /* Release */ = {
			isa = XCBuildConfiguration;
			baseConfigurationReference = 1E07D66B9818060112AC305F /* Pods-VideoCreationAssistantTests.release.xcconfig */;
			buildSettings = {
				BUNDLE_LOADER = "$(TEST_HOST)";
				CODE_SIGN_STYLE = Automatic;
				COMBINE_HIDPI_IMAGES = YES;
				DEVELOPMENT_TEAM = 4EC72DECN9;
				INFOPLIST_FILE = VideoCreationAssistantTests/Info.plist;
				LD_RUNPATH_SEARCH_PATHS = (
					"$(inherited)",
					"@executable_path/../Frameworks",
					"@loader_path/../Frameworks",
				);
				PRODUCT_BUNDLE_IDENTIFIER = com.lustig.VideoCreationAssistantTests;
				PRODUCT_NAME = "$(TARGET_NAME)";
				SWIFT_VERSION = 5.0;
				TEST_HOST = "$(BUILT_PRODUCTS_DIR)/VideoCreationAssistant.app/Contents/MacOS/VideoCreationAssistant";
			};
			name = Release;
		};
/* End XCBuildConfiguration section */

/* Begin XCConfigurationList section */
		C4340A4223678DE9007912A5 /* Build configuration list for PBXProject "VideoCreationAssistant" */ = {
			isa = XCConfigurationList;
			buildConfigurations = (
				C4340A5B23678DEB007912A5 /* Debug */,
				C4340A5C23678DEB007912A5 /* Release */,
			);
			defaultConfigurationIsVisible = 0;
			defaultConfigurationName = Release;
		};
		C4340A5D23678DEB007912A5 /* Build configuration list for PBXNativeTarget "VideoCreationAssistant" */ = {
			isa = XCConfigurationList;
			buildConfigurations = (
				C4340A5E23678DEB007912A5 /* Debug */,
				C4340A5F23678DEB007912A5 /* Release */,
			);
			defaultConfigurationIsVisible = 0;
			defaultConfigurationName = Release;
		};
		C4C90A262388212E008B1603 /* Build configuration list for PBXNativeTarget "VideoCreationAssistantTests" */ = {
			isa = XCConfigurationList;
			buildConfigurations = (
				C4C90A272388212E008B1603 /* Debug */,
				C4C90A282388212E008B1603 /* Release */,
			);
			defaultConfigurationIsVisible = 0;
			defaultConfigurationName = Release;
		};
/* End XCConfigurationList section */

/* Begin XCRemoteSwiftPackageReference section */
		C4E09ABF23A40BE900A0D379 /* XCRemoteSwiftPackageReference */ = {
			isa = XCRemoteSwiftPackageReference;
			repositoryURL = "https://github.com/p2/OAuth2.git";
			requirement = {
				kind = upToNextMajorVersion;
				minimumVersion = 5.1.1;
			};
		};
/* End XCRemoteSwiftPackageReference section */

/* Begin XCSwiftPackageProductDependency section */
		C4E09AC023A40BE900A0D379 /* XCSwiftPackageProductDependency */ = {
			isa = XCSwiftPackageProductDependency;
			package = C4E09ABF23A40BE900A0D379 /* XCRemoteSwiftPackageReference */;
			productName = OAuth2;
		};
/* End XCSwiftPackageProductDependency section */

/* Begin XCVersionGroup section */
		C4340A4E23678DE9007912A5 /* VideoCreationAssistant.xcdatamodeld */ = {
			isa = XCVersionGroup;
			children = (
				C4340A4F23678DE9007912A5 /* VideoCreationAssistant.xcdatamodel */,
			);
			currentVersion = C4340A4F23678DE9007912A5 /* VideoCreationAssistant.xcdatamodel */;
			path = VideoCreationAssistant.xcdatamodeld;
			sourceTree = "<group>";
			versionGroupType = wrapper.xcdatamodel;
		};
/* End XCVersionGroup section */
	};
	rootObject = C4340A3F23678DE9007912A5 /* Project object */;
}
